{
  "name": "controller2",
  "version": "1.0.0",
  "lockfileVersion": 1,
  "requires": true,
  "dependencies": {
    "@clysema/env": {
      "version": "1.0.0",
      "resolved": "https://registry.npmjs.org/@clysema/env/-/env-1.0.0.tgz",
      "integrity": "sha512-TulDf0roDphTitfvo8wmxildDsraUkcNJPBFxcChLJXT0ruBV8mfMAK++PSFhPAxwOAq+hGif3wuFw1f6cuaFA==",
      "requires": {
        "joi": "^14.3.1"
      }
    },
    "@clysema/jsonload": {
      "version": "1.0.0",
      "resolved": "https://registry.npmjs.org/@clysema/jsonload/-/jsonload-1.0.0.tgz",
      "integrity": "sha512-8HxaiV8S+TRRHsSkcQ6RZ0b1+VwADRgA+KmTvglqnn7Ecu/RuQte37avf6/TAfb+yfo9fhpWNDcTk6G/8tjTPQ=="
    },
    "@clysema/logger": {
      "version": "1.0.0",
      "resolved": "https://registry.npmjs.org/@clysema/logger/-/logger-1.0.0.tgz",
      "integrity": "sha512-DCBc6rW4Swv1S21xuaxfcZNbLBf/5mqSuOPQsMy/TCFaY5/zVHk7jLcZbmSOc+7Ye4SN9xPXQNopWIHRDe4pkw==",
      "requires": {
        "joi": "^14.3.1",
        "winston": "^2.4.4",
        "winston-journald": "^0.4.0"
      }
    },
    "@clysema/meteor": {
      "version": "1.0.0",
      "resolved": "https://registry.npmjs.org/@clysema/meteor/-/meteor-1.0.0.tgz",
      "integrity": "sha512-875Rvzm6son6E9q+zwdcmIledCLLNPy+acRZfzS/J+ffsMUn2Z2QghiARfmsWaQ519a9Ex7crmV18mdDfAjjQg==",
      "requires": {
        "isomorphic-ws": "^4.0.1",
        "joi": "^14.3.1",
        "simpleddp": "^2.0.0",
        "simpleddp-plugin-login": "^3.0.0",
        "ws": "^6.1.4"
      }
    },
    "async": {
      "version": "1.0.0",
      "resolved": "https://registry.npmjs.org/async/-/async-1.0.0.tgz",
      "integrity": "sha1-+PwEyjoTeErenhZBr5hXjPvWR6k="
    },
    "async-exit-hook": {
      "version": "2.0.1",
      "resolved": "https://registry.npmjs.org/async-exit-hook/-/async-exit-hook-2.0.1.tgz",
      "integrity": "sha512-NW2cX8m1Q7KPA7a5M2ULQeZ2wR5qI5PAbw5L0UOMxdioVk9PMZ0h1TmyZEkPYrCvYjDlFICusOu1dlEKAAeXBw=="
    },
    "async-limiter": {
      "version": "1.0.0",
      "resolved": "https://registry.npmjs.org/async-limiter/-/async-limiter-1.0.0.tgz",
      "integrity": "sha512-jp/uFnooOiO+L211eZOoSyzpOITMXx1rBITauYykG3BRYPu8h0UcxsPNB04RR5vo4Tyz3+ay17tR6JVf9qzYWg=="
    },
    "clone-deep": {
      "version": "4.0.1",
      "resolved": "https://registry.npmjs.org/clone-deep/-/clone-deep-4.0.1.tgz",
      "integrity": "sha512-neHB9xuzh/wk0dIHweyAXv2aPGZIVk3pLMe+/RNzINf17fe0OG96QroktYAUm7SM1PBnzTabaLboqqxDyMU+SQ==",
      "requires": {
        "is-plain-object": "^2.0.4",
        "kind-of": "^6.0.2",
        "shallow-clone": "^3.0.0"
      }
    },
    "colors": {
      "version": "1.0.3",
      "resolved": "https://registry.npmjs.org/colors/-/colors-1.0.3.tgz",
      "integrity": "sha1-BDP0TYCWgP3rYO0mDxsMJi6CpAs="
    },
    "cycle": {
      "version": "1.0.3",
      "resolved": "https://registry.npmjs.org/cycle/-/cycle-1.0.3.tgz",
      "integrity": "sha1-IegLK+hYD5i0aPN5QwZisEbDStI="
    },
    "ejson": {
      "version": "2.1.2",
      "resolved": "https://registry.npmjs.org/ejson/-/ejson-2.1.2.tgz",
      "integrity": "sha1-Du1AVbx+DnVh/lnowyDtw/+M598=",
      "requires": {
        "underscore": "1.8.x"
      }
    },
    "eyes": {
      "version": "0.1.8",
      "resolved": "https://registry.npmjs.org/eyes/-/eyes-0.1.8.tgz",
      "integrity": "sha1-Ys8SAjTGg3hdkCNIqADvPgzCC8A="
    },
    "hoek": {
      "version": "6.1.2",
      "resolved": "https://registry.npmjs.org/hoek/-/hoek-6.1.2.tgz",
      "integrity": "sha512-6qhh/wahGYZHFSFw12tBbJw5fsAhhwrrG/y3Cs0YMTv2WzMnL0oLPnQJjv1QJvEfylRSOFuP+xCu+tdx0tD16Q=="
    },
    "is-plain-object": {
      "version": "2.0.4",
      "resolved": "https://registry.npmjs.org/is-plain-object/-/is-plain-object-2.0.4.tgz",
      "integrity": "sha512-h5PpgXkWitc38BBMYawTYMWJHFZJVnBquFE57xFpjB8pJFiF6gZ+bU+WyI/yqXiFR5mdLsgYNaPe8uao6Uv9Og==",
      "requires": {
        "isobject": "^3.0.1"
      }
    },
    "isemail": {
      "version": "3.2.0",
      "resolved": "https://registry.npmjs.org/isemail/-/isemail-3.2.0.tgz",
      "integrity": "sha512-zKqkK+O+dGqevc93KNsbZ/TqTUFd46MwWjYOoMrjIMZ51eU7DtQG3Wmd9SQQT7i7RVnuTPEiYEWHU3MSbxC1Tg==",
      "requires": {
        "punycode": "2.x.x"
      }
    },
    "isobject": {
      "version": "3.0.1",
      "resolved": "https://registry.npmjs.org/isobject/-/isobject-3.0.1.tgz",
      "integrity": "sha1-TkMekrEalzFjaqH5yNHMvP2reN8="
    },
    "isomorphic-ws": {
      "version": "4.0.1",
      "resolved": "https://registry.npmjs.org/isomorphic-ws/-/isomorphic-ws-4.0.1.tgz",
      "integrity": "sha512-BhBvN2MBpWTaSHdWRb/bwdZJ1WaehQ2L1KngkCkfLUGF0mAWAT1sQUQacEmQ0jXkFw/czDXPNQSL5u2/Krsz1w=="
    },
    "isstream": {
      "version": "0.1.2",
      "resolved": "https://registry.npmjs.org/isstream/-/isstream-0.1.2.tgz",
      "integrity": "sha1-R+Y/evVa+m+S4VAOaQ64uFKcCZo="
    },
    "joi": {
      "version": "14.3.1",
      "resolved": "https://registry.npmjs.org/joi/-/joi-14.3.1.tgz",
      "integrity": "sha512-LQDdM+pkOrpAn4Lp+neNIFV3axv1Vna3j38bisbQhETPMANYRbFJFUyOZcOClYvM/hppMhGWuKSFEK9vjrB+bQ==",
      "requires": {
        "hoek": "6.x.x",
        "isemail": "3.x.x",
        "topo": "3.x.x"
      }
    },
    "kind-of": {
      "version": "6.0.2",
      "resolved": "https://registry.npmjs.org/kind-of/-/kind-of-6.0.2.tgz",
      "integrity": "sha512-s5kLOcnH0XqDO+FvuaLX8DDjZ18CGFk7VygH40QoKPUQhW4e2rvM0rwUq0t8IQDOwYSeLK01U90OjzBTme2QqA=="
    },
    "lodash": {
      "version": "4.17.11",
      "resolved": "https://registry.npmjs.org/lodash/-/lodash-4.17.11.tgz",
      "integrity": "sha512-cQKh8igo5QUhZ7lg38DYWAxMvjSAKG0A8wGSVimP07SIUEK2UO+arSRKbRZWtelMtN5V0Hkwh5ryOto/SshYIg=="
    },
    "nan": {
      "version": "2.12.1",
      "resolved": "https://registry.npmjs.org/nan/-/nan-2.12.1.tgz",
      "integrity": "sha512-JY7V6lRkStKcKTvHO5NVSQRv+RV+FIL5pvDoLiAtSL9pKlC5x9PKQcZDsq7m4FO4d57mkhC6Z+QhAh3Jdk5JFw=="
    },
    "punycode": {
      "version": "2.1.1",
      "resolved": "https://registry.npmjs.org/punycode/-/punycode-2.1.1.tgz",
      "integrity": "sha512-XRsRjdf+j5ml+y/6GKHPZbrF/8p2Yga0JPtdqTIY2Xe5ohJPD9saDJJLPvp9+NSBprVvevdXZybnj2cv8OEd0A=="
    },
    "round-to": {
      "version": "3.0.0",
      "resolved": "https://registry.npmjs.org/round-to/-/round-to-3.0.0.tgz",
      "integrity": "sha512-h8xeIC7dRHkY++BGKtXTlO/FifRJdUmW5YObBk/8X9nc/2syNXKN8qUA6OvCgmPdtYlWvDqKZOuxz/CX6dcZNg=="
    },
    "shallow-clone": {
      "version": "3.0.0",
      "resolved": "https://registry.npmjs.org/shallow-clone/-/shallow-clone-3.0.0.tgz",
      "integrity": "sha512-Drg+nOI+ofeuslBf0nulyWLZhK1BZprqNvPJaiB4VvES+9gC6GG+qOVAfuO12zVSgxq9SKevcme7S3uDT6Be8w==",
      "requires": {
        "kind-of": "^6.0.2"
      }
    },
    "simpleddp": {
      "version": "2.0.0",
      "resolved": "https://registry.npmjs.org/simpleddp/-/simpleddp-2.0.0.tgz",
      "integrity": "sha512-h9ilAQWziJ3bRgegqIy2CKqnfvThUC8msoFN7loKo6bMmMHoLPhK/15q7RExtL48NIw8ZIe64hwZPKnsLxyRSw==",
      "requires": {
        "clone-deep": "^4.0.1",
        "ejson": "^2.1.2",
        "simpleddp-core": "^1.0.5"
      }
    },
    "simpleddp-core": {
      "version": "1.0.5",
      "resolved": "https://registry.npmjs.org/simpleddp-core/-/simpleddp-core-1.0.5.tgz",
      "integrity": "sha512-cUyhQa4Rn42jb79z/lqK8sNj60ppYp1pF5dWiF6k/KqTbIurxl9XxbiEqMG/Miar5z14Jr+DSGiuJ1FJ4k6jmQ==",
      "requires": {
        "ejson": "^2.1.2",
        "wolfy87-eventemitter": "^5.2.5"
      }
    },
    "simpleddp-plugin-login": {
      "version": "3.0.0",
      "resolved": "https://registry.npmjs.org/simpleddp-plugin-login/-/simpleddp-plugin-login-3.0.0.tgz",
      "integrity": "sha512-7CDbU8Lh1eeEdclDIeIz2nVJTsPM7l6uBIR8tyq5ZGhr6GXaiqChzApzhiPaMBbpC9nL4djfsVke0VQ//nhfdQ=="
    },
    "stack-trace": {
      "version": "0.0.10",
      "resolved": "https://registry.npmjs.org/stack-trace/-/stack-trace-0.0.10.tgz",
      "integrity": "sha1-VHxws0fo0ytOEI6hoqFZ5f3eGcA="
    },
    "systemd-journald": {
      "version": "1.4.0",
      "resolved": "https://registry.npmjs.org/systemd-journald/-/systemd-journald-1.4.0.tgz",
      "integrity": "sha512-7r5502KWrFqhEye1jLnXD+hVCIeSfcA7Oeslr/FCM6NzW4na+s5Y5TAHKWb+2VkYbG6Ry2daMyIoaW/jW8agKQ==",
      "requires": {
        "nan": "^2.9.2"
      }
    },
    "topo": {
      "version": "3.0.3",
      "resolved": "https://registry.npmjs.org/topo/-/topo-3.0.3.tgz",
      "integrity": "sha512-IgpPtvD4kjrJ7CRA3ov2FhWQADwv+Tdqbsf1ZnPUSAtCJ9e1Z44MmoSGDXGk4IppoZA7jd/QRkNddlLJWlUZsQ==",
      "requires": {
        "hoek": "6.x.x"
      }
    },
    "underscore": {
      "version": "1.8.3",
      "resolved": "https://registry.npmjs.org/underscore/-/underscore-1.8.3.tgz",
      "integrity": "sha1-Tz+1OxBuYJf8+ctBCfKl6b36UCI="
    },
    "winston": {
      "version": "2.4.4",
      "resolved": "https://registry.npmjs.org/winston/-/winston-2.4.4.tgz",
      "integrity": "sha512-NBo2Pepn4hK4V01UfcWcDlmiVTs7VTB1h7bgnB0rgP146bYhMxX0ypCz3lBOfNxCO4Zuek7yeT+y/zM1OfMw4Q==",
      "requires": {
        "async": "~1.0.0",
        "colors": "1.0.x",
        "cycle": "1.0.x",
        "eyes": "0.1.x",
        "isstream": "0.1.x",
        "stack-trace": "0.0.x"
      }
    },
    "winston-journald": {
      "version": "0.4.0",
      "resolved": "https://registry.npmjs.org/winston-journald/-/winston-journald-0.4.0.tgz",
      "integrity": "sha1-y9fbHclu0PBW7kNQRrLHuhGiTsw=",
      "requires": {
        "lodash": "^4.17.4",
        "systemd-journald": "^1.3.0"
      }
    },
    "wolfy87-eventemitter": {
      "version": "5.2.6",
      "resolved": "https://registry.npmjs.org/wolfy87-eventemitter/-/wolfy87-eventemitter-5.2.6.tgz",
      "integrity": "sha512-n+bSucT1j9ZEoosxnfuH81bWqtZG4QEtZ9WEuiXz9YQAHEktGYKoSoMTKWTJEcYux8lWoqp1KqHPBpwvJKFFTw=="
    },
    "ws": {
      "version": "6.1.4",
      "resolved": "https://registry.npmjs.org/ws/-/ws-6.1.4.tgz",
      "integrity": "sha512-eqZfL+NE/YQc1/ZynhojeV8q+H050oR8AZ2uIev7RU10svA9ZnJUddHcOUZTJLinZ9yEfdA2kSATS2qZK5fhJA==",
      "requires": {
        "async-limiter": "~1.0.0"
      }
    }
  }
}
